
Microsoft Visual Studio Solution File, Format Version 12.00
# Visual Studio Version 17
VisualStudioVersion = 17.0.31903.59
MinimumVisualStudioVersion = 10.0.40219.1
Project("{2150E333-8FDC-42A3-9474-1A3956D46DE8}") = "src", "src", "{9FD1DDD7-1938-48FF-9E17-5BD6FF9B7E25}"
EndProject
Project("{FAE04EC0-301F-11D3-BF4B-00C04F79EFBC}") = "GraphQLOrderDemo.API", "src\GraphQLOrderDemo.API\GraphQLOrderDemo.API.csproj", "{62E788F7-7016-496D-8DD3-A1A0F2B7DC6C}"
EndProject
Global
	GlobalSection(SolutionConfigurationPlatforms) = preSolution
		Debug|Any CPU = Debug|Any CPU
		Release|Any CPU = Release|Any CPU
	EndGlobalSection
	GlobalSection(SolutionProperties) = preSolution
		HideSolutionNode = FALSE
	EndGlobalSection
	GlobalSection(ProjectConfigurationPlatforms) = postSolution
		{62E788F7-7016-496D-8DD3-A1A0F2B7DC6C}.Debug|Any CPU.ActiveCfg = Debug|Any CPU
		{62E788F7-7016-496D-8DD3-A1A0F2B7DC6C}.Debug|Any CPU.Build.0 = Debug|Any CPU
		{62E788F7-7016-496D-8DD3-A1A0F2B7DC6C}.Release|Any CPU.ActiveCfg = Release|Any CPU
		{62E788F7-7016-496D-8DD3-A1A0F2B7DC6C}.Release|Any CPU.Build.0 = Release|Any CPU
	EndGlobalSection
	GlobalSection(NestedProjects) = preSolution
		{62E788F7-7016-496D-8DD3-A1A0F2B7DC6C} = {9FD1DDD7-1938-48FF-9E17-5BD6FF9B7E25}
	EndGlobalSection
EndGlobal
